
Microsoft Visual Studio Solution File, Format Version 12.00
# Visual Studio 15
VisualStudioVersion = 15.0.28010.2003
MinimumVisualStudioVersion = 10.0.40219.1
Project("{2150E333-8FDC-42A3-9474-1A3956D46DE8}") = ".paket", ".paket", "{DA267EE2-F9A3-4D64-A1D8-B72BB8B1E6D1}"
	ProjectSection(SolutionItems) = preProject
		paket.dependencies = paket.dependencies
	EndProjectSection
EndProject
Project("{F2A71F9B-5D33-465A-A702-920D77279786}") = "GenbankDemoProject", "GenbankDemoProject\GenbankDemoProject.fsproj", "{6CAB71FF-45B2-4CB5-A1BF-D9263B15E377}"
EndProject
Global
	GlobalSection(SolutionConfigurationPlatforms) = preSolution
		Debug|Any CPU = Debug|Any CPU
		Release|Any CPU = Release|Any CPU
	EndGlobalSection
	GlobalSection(ProjectConfigurationPlatforms) = postSolution
		{6CAB71FF-45B2-4CB5-A1BF-D9263B15E377}.Debug|Any CPU.ActiveCfg = Debug|Any CPU
		{6CAB71FF-45B2-4CB5-A1BF-D9263B15E377}.Debug|Any CPU.Build.0 = Debug|Any CPU
		{6CAB71FF-45B2-4CB5-A1BF-D9263B15E377}.Release|Any CPU.ActiveCfg = Release|Any CPU
		{6CAB71FF-45B2-4CB5-A1BF-D9263B15E377}.Release|Any CPU.Build.0 = Release|Any CPU
	EndGlobalSection
	GlobalSection(SolutionProperties) = preSolution
		HideSolutionNode = FALSE
	EndGlobalSection
	GlobalSection(ExtensibilityGlobals) = postSolution
		SolutionGuid = {919A5DE1-4ED7-4843-A3DD-4330C79DDE61}
	EndGlobalSection
EndGlobal
